
Microsoft Visual Studio Solution File, Format Version 12.00
# Visual Studio Version 16
VisualStudioVersion = 16.0.31321.278
MinimumVisualStudioVersion = 10.0.40219.1
Project("{FAE04EC0-301F-11D3-BF4B-00C04F79EFBC}") = "Face_Recognition", "Face_Recognition.csproj", "{87322CCC-1B8E-401C-AC2A-C76056E6F22C}"
EndProject
Global
	GlobalSection(SolutionConfigurationPlatforms) = preSolution
		Debug|Any CPU = Debug|Any CPU
		Release|Any CPU = Release|Any CPU
	EndGlobalSection
	GlobalSection(ProjectConfigurationPlatforms) = postSolution
		{87322CCC-1B8E-401C-AC2A-C76056E6F22C}.Debug|Any CPU.ActiveCfg = Debug|Any CPU
		{87322CCC-1B8E-401C-AC2A-C76056E6F22C}.Debug|Any CPU.Build.0 = Debug|Any CPU
		{87322CCC-1B8E-401C-AC2A-C76056E6F22C}.Release|Any CPU.ActiveCfg = Release|Any CPU
		{87322CCC-1B8E-401C-AC2A-C76056E6F22C}.Release|Any CPU.Build.0 = Release|Any CPU
	EndGlobalSection
	GlobalSection(SolutionProperties) = preSolution
		HideSolutionNode = FALSE
	EndGlobalSection
	GlobalSection(ExtensibilityGlobals) = postSolution
		SolutionGuid = {4123542A-04C2-4680-B346-CF6405923AFE}
	EndGlobalSection
EndGlobal
